
Microsoft Visual Studio Solution File, Format Version 12.00
# Visual Studio 15
VisualStudioVersion = 15.0.27703.2026
MinimumVisualStudioVersion = 10.0.40219.1
Project("{9A19103F-16F7-4668-BE54-9A1E7A4F7556}") = "EOSLibConsole", "EOSLibConsole\EOSLibConsole.csproj", "{B2892120-CBF5-4ECB-915D-459E4122D540}"
EndProject
Project("{9A19103F-16F7-4668-BE54-9A1E7A4F7556}") = "cscleos", "cscleos\cscleos.csproj", "{6CB84804-B79E-4F26-B7F3-0F5F663A287E}"
EndProject
Project("{9A19103F-16F7-4668-BE54-9A1E7A4F7556}") = "EOSNewYork.EOSCore", "EOSNewYork.EOSCore\EOSNewYork.EOSCore.csproj", "{3951BBBB-CE28-49D2-A7F7-869E4F89E7D6}"
EndProject
Project("{FAE04EC0-301F-11D3-BF4B-00C04F79EFBC}") = "FrameworkConsole", "FrameworkConsole\FrameworkConsole.csproj", "{0B04ECDC-F9EB-4DE2-B3F7-324FF2836522}"
EndProject
Global
	GlobalSection(SolutionConfigurationPlatforms) = preSolution
		Debug|Any CPU = Debug|Any CPU
		Release|Any CPU = Release|Any CPU
	EndGlobalSection
	GlobalSection(ProjectConfigurationPlatforms) = postSolution
		{B2892120-CBF5-4ECB-915D-459E4122D540}.Debug|Any CPU.ActiveCfg = Debug|Any CPU
		{B2892120-CBF5-4ECB-915D-459E4122D540}.Debug|Any CPU.Build.0 = Debug|Any CPU
		{B2892120-CBF5-4ECB-915D-459E4122D540}.Release|Any CPU.ActiveCfg = Release|Any CPU
		{B2892120-CBF5-4ECB-915D-459E4122D540}.Release|Any CPU.Build.0 = Release|Any CPU
		{6CB84804-B79E-4F26-B7F3-0F5F663A287E}.Debug|Any CPU.ActiveCfg = Debug|Any CPU
		{6CB84804-B79E-4F26-B7F3-0F5F663A287E}.Debug|Any CPU.Build.0 = Debug|Any CPU
		{6CB84804-B79E-4F26-B7F3-0F5F663A287E}.Release|Any CPU.ActiveCfg = Release|Any CPU
		{6CB84804-B79E-4F26-B7F3-0F5F663A287E}.Release|Any CPU.Build.0 = Release|Any CPU
		{3951BBBB-CE28-49D2-A7F7-869E4F89E7D6}.Debug|Any CPU.ActiveCfg = Debug|Any CPU
		{3951BBBB-CE28-49D2-A7F7-869E4F89E7D6}.Debug|Any CPU.Build.0 = Debug|Any CPU
		{3951BBBB-CE28-49D2-A7F7-869E4F89E7D6}.Release|Any CPU.ActiveCfg = Release|Any CPU
		{3951BBBB-CE28-49D2-A7F7-869E4F89E7D6}.Release|Any CPU.Build.0 = Release|Any CPU
		{0B04ECDC-F9EB-4DE2-B3F7-324FF2836522}.Debug|Any CPU.ActiveCfg = Debug|Any CPU
		{0B04ECDC-F9EB-4DE2-B3F7-324FF2836522}.Debug|Any CPU.Build.0 = Debug|Any CPU
		{0B04ECDC-F9EB-4DE2-B3F7-324FF2836522}.Release|Any CPU.ActiveCfg = Release|Any CPU
		{0B04ECDC-F9EB-4DE2-B3F7-324FF2836522}.Release|Any CPU.Build.0 = Release|Any CPU
	EndGlobalSection
	GlobalSection(SolutionProperties) = preSolution
		HideSolutionNode = FALSE
	EndGlobalSection
	GlobalSection(ExtensibilityGlobals) = postSolution
		SolutionGuid = {4F53CC39-BC10-462F-BCAA-E1C6A2AE695A}
	EndGlobalSection
EndGlobal
